
Microsoft Visual Studio Solution File, Format Version 12.00
# Visual Studio Version 17
VisualStudioVersion = 17.9.34728.123
MinimumVisualStudioVersion = 10.0.40219.1
Project("{9A19103F-16F7-4668-BE54-9A1E7A4F7556}") = "SnippetsLibraryWebApp", "SnippetsLibraryWebApp\SnippetsLibraryWebApp.csproj", "{FFF1FCDD-8AAD-4CE5-9B72-AF5E841E7AD5}"
EndProject
Global
	GlobalSection(SolutionConfigurationPlatforms) = preSolution
		Debug|Any CPU = Debug|Any CPU
		Release|Any CPU = Release|Any CPU
	EndGlobalSection
	GlobalSection(ProjectConfigurationPlatforms) = postSolution
		{FFF1FCDD-8AAD-4CE5-9B72-AF5E841E7AD5}.Debug|Any CPU.ActiveCfg = Debug|Any CPU
		{FFF1FCDD-8AAD-4CE5-9B72-AF5E841E7AD5}.Debug|Any CPU.Build.0 = Debug|Any CPU
		{FFF1FCDD-8AAD-4CE5-9B72-AF5E841E7AD5}.Release|Any CPU.ActiveCfg = Release|Any CPU
		{FFF1FCDD-8AAD-4CE5-9B72-AF5E841E7AD5}.Release|Any CPU.Build.0 = Release|Any CPU
	EndGlobalSection
	GlobalSection(SolutionProperties) = preSolution
		HideSolutionNode = FALSE
	EndGlobalSection
	GlobalSection(ExtensibilityGlobals) = postSolution
		SolutionGuid = {50DA0E62-725F-4878-B0ED-186AF148CC02}
	EndGlobalSection
EndGlobal
